<?xml version="1.0" encoding="UTF-8"?>
<CodeBlocks_project_file>
	<FileVersion major="1" minor="6"/>
	<Project>
		<Option title="Urho3D-Game"/>
		<Option makefile_is_custom="1"/>
		<Option compiler="gcc"/>
		<Option virtualFolders="CMake Files\;CMake Files\Source\;CMake Files\Source\ThirdParty\;CMake Files\Source\ThirdParty\Assimp\;CMake Files\Source\ThirdParty\Assimp\include\;CMake Files\Source\ThirdParty\Assimp\include\assimp\;CMake Files\Source\ThirdParty\Assimp\contrib\;CMake Files\Source\ThirdParty\Assimp\contrib\zlib\;CMake Files\Source\ThirdParty\Assimp\code\;CMake Files\Source\ThirdParty\Assimp\cmake-modules\;CMake Files\Source\ThirdParty\FreeType\;CMake Files\Source\ThirdParty\LZ4\;CMake Files\Source\ThirdParty\PugiXml\;CMake Files\Source\ThirdParty\rapidjson\;CMake Files\Source\ThirdParty\SDL\;CMake Files\Source\ThirdParty\SDL\cmake\;CMake Files\Source\ThirdParty\SDL\include\;CMake Files\Source\ThirdParty\StanHull\;CMake Files\Source\ThirdParty\STB\;CMake Files\Source\ThirdParty\AngelScript\;CMake Files\Source\ThirdParty\Lua\;CMake Files\Source\ThirdParty\toluapp\;CMake Files\Source\ThirdParty\toluapp\src\;CMake Files\Source\ThirdParty\toluapp\src\lib\;CMake Files\Source\ThirdParty\toluapp\src\bin\;CMake Files\Source\ThirdParty\Civetweb\;CMake Files\Source\ThirdParty\kNet\;CMake Files\Source\ThirdParty\ik\;CMake Files\Source\ThirdParty\ik\include\;CMake Files\Source\ThirdParty\ik\include\ik\;CMake Files\Source\ThirdParty\Detour\;CMake Files\Source\ThirdParty\DetourCrowd\;CMake Files\Source\ThirdParty\DetourTileCache\;CMake Files\Source\ThirdParty\Recast\;CMake Files\Source\ThirdParty\Box2D\;CMake Files\Source\ThirdParty\WebP\;CMake Files\Source\ThirdParty\Bullet\;CMake Files\Source\ThirdParty\GLEW\;CMake Files\Source\Urho3D\;CMake Files\Source\Tools\;CMake Files\Source\Tools\Urho3DPlayer\;CMake Files\Source\Tools\AssetImporter\;CMake Files\Source\Tools\OgreImporter\;CMake Files\Source\Tools\PackageTool\;CMake Files\Source\Tools\RampGenerator\;CMake Files\Source\Tools\SpritePacker\;CMake Files\Source\Tools\ScriptCompiler\;CMake Files\Source\Game\;CMake Files\Source\Game\MayaScape\;CMake Files\Source\Game\MayaScape\terrain\;CMake Files\CMake\;CMake Files\CMake\Modules\;CMake Files\Docs\;"/>
		<Build>
			<Target title="all">
				<Option working_dir="/code/dev/MayaScape/src/Urho3D/Source/Game"/>
				<Option type="4"/>
				<MakeCommands>
					<Build command="/bin/gmake -f &quot;/code/dev/MayaScape/src/Urho3D/Source/Game/Makefile&quot;  VERBOSE=1 all"/>
					<CompileFile command="/bin/gmake -f &quot;/code/dev/MayaScape/src/Urho3D/Source/Game/Makefile&quot;  VERBOSE=1 &quot;$file&quot;"/>
					<Clean command="/bin/gmake -f &quot;/code/dev/MayaScape/src/Urho3D/Source/Game/Makefile&quot;  VERBOSE=1 clean"/>
					<DistClean command="/bin/gmake -f &quot;/code/dev/MayaScape/src/Urho3D/Source/Game/Makefile&quot;  VERBOSE=1 clean"/>
				</MakeCommands>
			</Target>
			<Target title="MayaScape">
				<Option output="/code/dev/MayaScape/src/Urho3D/bin/MayaScape" prefix_auto="0" extension_auto="0"/>
				<Option working_dir="/code/dev/MayaScape/src/Urho3D/bin"/>
				<Option object_output="./"/>
				<Option type="1"/>
				<Option compiler="gcc"/>
				<Compiler>
					<Add option="-DURHO3D_STATIC_DEFINE"/>
					<Add option="-DURHO3D_ANGELSCRIPT"/>
					<Add option="-DURHO3D_FILEWATCHER"/>
					<Add option="-DURHO3D_IK"/>
					<Add option="-DURHO3D_LOGGING"/>
					<Add option="-DURHO3D_LUA"/>
					<Add option="-DURHO3D_NAVIGATION"/>
					<Add option="-DURHO3D_NETWORK"/>
					<Add option="-DURHO3D_PHYSICS"/>
					<Add option="-DURHO3D_PROFILING"/>
					<Add option="-DURHO3D_THREADING"/>
					<Add option="-DURHO3D_URHO2D"/>
					<Add option="-DURHO3D_WEBP"/>
					<Add directory="/code/dev/MayaScape/src/Urho3D/include"/>
					<Add directory="/code/dev/MayaScape/src/Urho3D/include/Urho3D/ThirdParty"/>
					<Add directory="/code/dev/MayaScape/src/Urho3D/include/Urho3D/ThirdParty/Bullet"/>
					<Add directory="/code/dev/MayaScape/src/Urho3D/include/Urho3D/ThirdParty/Lua"/>
					<Add directory="/code/dev/MayaScape/src/Urho3D/Source/Game"/>
				</Compiler>
				<MakeCommands>
					<Build command="/bin/gmake -f &quot;/code/dev/MayaScape/src/Urho3D/Source/Game/MayaScape/Makefile&quot;  VERBOSE=1 MayaScape"/>
					<CompileFile command="/bin/gmake -f &quot;/code/dev/MayaScape/src/Urho3D/Source/Game/MayaScape/Makefile&quot;  VERBOSE=1 &quot;$file&quot;"/>
					<Clean command="/bin/gmake -f &quot;/code/dev/MayaScape/src/Urho3D/Source/Game/MayaScape/Makefile&quot;  VERBOSE=1 clean"/>
					<DistClean command="/bin/gmake -f &quot;/code/dev/MayaScape/src/Urho3D/Source/Game/MayaScape/Makefile&quot;  VERBOSE=1 clean"/>
				</MakeCommands>
			</Target>
			<Target title="MayaScape/fast">
				<Option output="/code/dev/MayaScape/src/Urho3D/bin/MayaScape" prefix_auto="0" extension_auto="0"/>
				<Option working_dir="/code/dev/MayaScape/src/Urho3D/bin"/>
				<Option object_output="./"/>
				<Option type="1"/>
				<Option compiler="gcc"/>
				<Compiler>
					<Add option="-DURHO3D_STATIC_DEFINE"/>
					<Add option="-DURHO3D_ANGELSCRIPT"/>
					<Add option="-DURHO3D_FILEWATCHER"/>
					<Add option="-DURHO3D_IK"/>
					<Add option="-DURHO3D_LOGGING"/>
					<Add option="-DURHO3D_LUA"/>
					<Add option="-DURHO3D_NAVIGATION"/>
					<Add option="-DURHO3D_NETWORK"/>
					<Add option="-DURHO3D_PHYSICS"/>
					<Add option="-DURHO3D_PROFILING"/>
					<Add option="-DURHO3D_THREADING"/>
					<Add option="-DURHO3D_URHO2D"/>
					<Add option="-DURHO3D_WEBP"/>
					<Add directory="/code/dev/MayaScape/src/Urho3D/include"/>
					<Add directory="/code/dev/MayaScape/src/Urho3D/include/Urho3D/ThirdParty"/>
					<Add directory="/code/dev/MayaScape/src/Urho3D/include/Urho3D/ThirdParty/Bullet"/>
					<Add directory="/code/dev/MayaScape/src/Urho3D/include/Urho3D/ThirdParty/Lua"/>
					<Add directory="/code/dev/MayaScape/src/Urho3D/Source/Game"/>
				</Compiler>
				<MakeCommands>
					<Build command="/bin/gmake -f &quot;/code/dev/MayaScape/src/Urho3D/Source/Game/MayaScape/Makefile&quot;  VERBOSE=1 MayaScape/fast"/>
					<CompileFile command="/bin/gmake -f &quot;/code/dev/MayaScape/src/Urho3D/Source/Game/MayaScape/Makefile&quot;  VERBOSE=1 &quot;$file&quot;"/>
					<Clean command="/bin/gmake -f &quot;/code/dev/MayaScape/src/Urho3D/Source/Game/MayaScape/Makefile&quot;  VERBOSE=1 clean"/>
					<DistClean command="/bin/gmake -f &quot;/code/dev/MayaScape/src/Urho3D/Source/Game/MayaScape/Makefile&quot;  VERBOSE=1 clean"/>
				</MakeCommands>
			</Target>
			<Target title="39_CrowdNavigation">
				<Option output="/code/dev/MayaScape/src/Urho3D/bin/39_CrowdNavigation" prefix_auto="0" extension_auto="0"/>
				<Option working_dir="/code/dev/MayaScape/src/Urho3D/bin"/>
				<Option object_output="./"/>
				<Option type="1"/>
				<Option compiler="gcc"/>
				<Compiler>
					<Add option="-DURHO3D_STATIC_DEFINE"/>
					<Add option="-DURHO3D_ANGELSCRIPT"/>
					<Add option="-DURHO3D_FILEWATCHER"/>
					<Add option="-DURHO3D_IK"/>
					<Add option="-DURHO3D_LOGGING"/>
					<Add option="-DURHO3D_LUA"/>
					<Add option="-DURHO3D_NAVIGATION"/>
					<Add option="-DURHO3D_NETWORK"/>
					<Add option="-DURHO3D_PHYSICS"/>
					<Add option="-DURHO3D_PROFILING"/>
					<Add option="-DURHO3D_THREADING"/>
					<Add option="-DURHO3D_URHO2D"/>
					<Add option="-DURHO3D_WEBP"/>
					<Add directory="/code/dev/MayaScape/src/Urho3D/include"/>
					<Add directory="/code/dev/MayaScape/src/Urho3D/include/Urho3D/ThirdParty"/>
					<Add directory="/code/dev/MayaScape/src/Urho3D/include/Urho3D/ThirdParty/Bullet"/>
					<Add directory="/code/dev/MayaScape/src/Urho3D/include/Urho3D/ThirdParty/Lua"/>
					<Add directory="/code/dev/MayaScape/src/Urho3D/Source/Game"/>
				</Compiler>
				<MakeCommands>
					<Build command="/bin/gmake -f &quot;/code/dev/MayaScape/src/Urho3D/Source/Game/MayaScape/terrain/Makefile&quot;  VERBOSE=1 39_CrowdNavigation"/>
					<CompileFile command="/bin/gmake -f &quot;/code/dev/MayaScape/src/Urho3D/Source/Game/MayaScape/terrain/Makefile&quot;  VERBOSE=1 &quot;$file&quot;"/>
					<Clean command="/bin/gmake -f &quot;/code/dev/MayaScape/src/Urho3D/Source/Game/MayaScape/terrain/Makefile&quot;  VERBOSE=1 clean"/>
					<DistClean command="/bin/gmake -f &quot;/code/dev/MayaScape/src/Urho3D/Source/Game/MayaScape/terrain/Makefile&quot;  VERBOSE=1 clean"/>
				</MakeCommands>
			</Target>
			<Target title="39_CrowdNavigation/fast">
				<Option output="/code/dev/MayaScape/src/Urho3D/bin/39_CrowdNavigation" prefix_auto="0" extension_auto="0"/>
				<Option working_dir="/code/dev/MayaScape/src/Urho3D/bin"/>
				<Option object_output="./"/>
				<Option type="1"/>
				<Option compiler="gcc"/>
				<Compiler>
					<Add option="-DURHO3D_STATIC_DEFINE"/>
					<Add option="-DURHO3D_ANGELSCRIPT"/>
					<Add option="-DURHO3D_FILEWATCHER"/>
					<Add option="-DURHO3D_IK"/>
					<Add option="-DURHO3D_LOGGING"/>
					<Add option="-DURHO3D_LUA"/>
					<Add option="-DURHO3D_NAVIGATION"/>
					<Add option="-DURHO3D_NETWORK"/>
					<Add option="-DURHO3D_PHYSICS"/>
					<Add option="-DURHO3D_PROFILING"/>
					<Add option="-DURHO3D_THREADING"/>
					<Add option="-DURHO3D_URHO2D"/>
					<Add option="-DURHO3D_WEBP"/>
					<Add directory="/code/dev/MayaScape/src/Urho3D/include"/>
					<Add directory="/code/dev/MayaScape/src/Urho3D/include/Urho3D/ThirdParty"/>
					<Add directory="/code/dev/MayaScape/src/Urho3D/include/Urho3D/ThirdParty/Bullet"/>
					<Add directory="/code/dev/MayaScape/src/Urho3D/include/Urho3D/ThirdParty/Lua"/>
					<Add directory="/code/dev/MayaScape/src/Urho3D/Source/Game"/>
				</Compiler>
				<MakeCommands>
					<Build command="/bin/gmake -f &quot;/code/dev/MayaScape/src/Urho3D/Source/Game/MayaScape/terrain/Makefile&quot;  VERBOSE=1 39_CrowdNavigation/fast"/>
					<CompileFile command="/bin/gmake -f &quot;/code/dev/MayaScape/src/Urho3D/Source/Game/MayaScape/terrain/Makefile&quot;  VERBOSE=1 &quot;$file&quot;"/>
					<Clean command="/bin/gmake -f &quot;/code/dev/MayaScape/src/Urho3D/Source/Game/MayaScape/terrain/Makefile&quot;  VERBOSE=1 clean"/>
					<DistClean command="/bin/gmake -f &quot;/code/dev/MayaScape/src/Urho3D/Source/Game/MayaScape/terrain/Makefile&quot;  VERBOSE=1 clean"/>
				</MakeCommands>
			</Target>
		</Build>
		<Unit filename="/code/dev/MayaScape/src/Urho3D/Source/Game/MayaScape/AP.cpp">
			<Option target="MayaScape"/>
		</Unit>
		<Unit filename="/code/dev/MayaScape/src/Urho3D/Source/Game/MayaScape/AP.h">
			<Option target="MayaScape"/>
		</Unit>
		<Unit filename="/code/dev/MayaScape/src/Urho3D/Source/Game/MayaScape/BUFF.cpp">
			<Option target="MayaScape"/>
		</Unit>
		<Unit filename="/code/dev/MayaScape/src/Urho3D/Source/Game/MayaScape/BUFF.h">
			<Option target="MayaScape"/>
		</Unit>
		<Unit filename="/code/dev/MayaScape/src/Urho3D/Source/Game/MayaScape/BUFFList.h">
			<Option target="MayaScape"/>
		</Unit>
		<Unit filename="/code/dev/MayaScape/src/Urho3D/Source/Game/MayaScape/Box.cpp">
			<Option target="MayaScape"/>
		</Unit>
		<Unit filename="/code/dev/MayaScape/src/Urho3D/Source/Game/MayaScape/Box.h">
			<Option target="MayaScape"/>
		</Unit>
		<Unit filename="/code/dev/MayaScape/src/Urho3D/Source/Game/MayaScape/Bullet.cpp">
			<Option target="MayaScape"/>
		</Unit>
		<Unit filename="/code/dev/MayaScape/src/Urho3D/Source/Game/MayaScape/Bullet.h">
			<Option target="MayaScape"/>
		</Unit>
		<Unit filename="/code/dev/MayaScape/src/Urho3D/Source/Game/MayaScape/Character2D.cpp">
			<Option target="MayaScape"/>
		</Unit>
		<Unit filename="/code/dev/MayaScape/src/Urho3D/Source/Game/MayaScape/Character2D.h">
			<Option target="MayaScape"/>
		</Unit>
		<Unit filename="/code/dev/MayaScape/src/Urho3D/Source/Game/MayaScape/Effect.cpp">
			<Option target="MayaScape"/>
		</Unit>
		<Unit filename="/code/dev/MayaScape/src/Urho3D/Source/Game/MayaScape/Effect.h">
			<Option target="MayaScape"/>
		</Unit>
		<Unit filename="/code/dev/MayaScape/src/Urho3D/Source/Game/MayaScape/Effect_Blink.cpp">
			<Option target="MayaScape"/>
		</Unit>
		<Unit filename="/code/dev/MayaScape/src/Urho3D/Source/Game/MayaScape/Effect_Blink.h">
			<Option target="MayaScape"/>
		</Unit>
		<Unit filename="/code/dev/MayaScape/src/Urho3D/Source/Game/MayaScape/Effect_Boom.cpp">
			<Option target="MayaScape"/>
		</Unit>
		<Unit filename="/code/dev/MayaScape/src/Urho3D/Source/Game/MayaScape/Effect_Boom.h">
			<Option target="MayaScape"/>
		</Unit>
		<Unit filename="/code/dev/MayaScape/src/Urho3D/Source/Game/MayaScape/Effect_Flare.cpp">
			<Option target="MayaScape"/>
		</Unit>
		<Unit filename="/code/dev/MayaScape/src/Urho3D/Source/Game/MayaScape/Effect_Flare.h">
			<Option target="MayaScape"/>
		</Unit>
		<Unit filename="/code/dev/MayaScape/src/Urho3D/Source/Game/MayaScape/GameController.cpp">
			<Option target="MayaScape"/>
		</Unit>
		<Unit filename="/code/dev/MayaScape/src/Urho3D/Source/Game/MayaScape/GameController.h">
			<Option target="MayaScape"/>
		</Unit>
		<Unit filename="/code/dev/MayaScape/src/Urho3D/Source/Game/MayaScape/GameEvents.h">
			<Option target="MayaScape"/>
		</Unit>
		<Unit filename="/code/dev/MayaScape/src/Urho3D/Source/Game/MayaScape/GameObject.cpp">
			<Option target="MayaScape"/>
		</Unit>
		<Unit filename="/code/dev/MayaScape/src/Urho3D/Source/Game/MayaScape/GameObject.h">
			<Option target="MayaScape"/>
		</Unit>
		<Unit filename="/code/dev/MayaScape/src/Urho3D/Source/Game/MayaScape/HeatSource.cpp">
			<Option target="MayaScape"/>
		</Unit>
		<Unit filename="/code/dev/MayaScape/src/Urho3D/Source/Game/MayaScape/HeatSource.h">
			<Option target="MayaScape"/>
		</Unit>
		<Unit filename="/code/dev/MayaScape/src/Urho3D/Source/Game/MayaScape/MayaScape.cpp">
			<Option target="MayaScape"/>
		</Unit>
		<Unit filename="/code/dev/MayaScape/src/Urho3D/Source/Game/MayaScape/MayaScape.h">
			<Option target="MayaScape"/>
		</Unit>
		<Unit filename="/code/dev/MayaScape/src/Urho3D/Source/Game/MayaScape/Missile.cpp">
			<Option target="MayaScape"/>
		</Unit>
		<Unit filename="/code/dev/MayaScape/src/Urho3D/Source/Game/MayaScape/Missile.h">
			<Option target="MayaScape"/>
		</Unit>
		<Unit filename="/code/dev/MayaScape/src/Urho3D/Source/Game/MayaScape/Object2D.cpp">
			<Option target="MayaScape"/>
		</Unit>
		<Unit filename="/code/dev/MayaScape/src/Urho3D/Source/Game/MayaScape/Object2D.h">
			<Option target="MayaScape"/>
		</Unit>
		<Unit filename="/code/dev/MayaScape/src/Urho3D/Source/Game/MayaScape/Player.cpp">
			<Option target="MayaScape"/>
		</Unit>
		<Unit filename="/code/dev/MayaScape/src/Urho3D/Source/Game/MayaScape/Player.h">
			<Option target="MayaScape"/>
		</Unit>
		<Unit filename="/code/dev/MayaScape/src/Urho3D/Source/Game/MayaScape/RaycastVehicle.cpp">
			<Option target="MayaScape"/>
		</Unit>
		<Unit filename="/code/dev/MayaScape/src/Urho3D/Source/Game/MayaScape/RaycastVehicle.h">
			<Option target="MayaScape"/>
		</Unit>
		<Unit filename="/code/dev/MayaScape/src/Urho3D/Source/Game/MayaScape/RemoteEvents.h">
			<Option target="MayaScape"/>
		</Unit>
		<Unit filename="/code/dev/MayaScape/src/Urho3D/Source/Game/MayaScape/Sample2D.cpp">
			<Option target="MayaScape"/>
		</Unit>
		<Unit filename="/code/dev/MayaScape/src/Urho3D/Source/Game/MayaScape/Sample2D.h">
			<Option target="MayaScape"/>
		</Unit>
		<Unit filename="/code/dev/MayaScape/src/Urho3D/Source/Game/MayaScape/Skill.cpp">
			<Option target="MayaScape"/>
		</Unit>
		<Unit filename="/code/dev/MayaScape/src/Urho3D/Source/Game/MayaScape/Skill.h">
			<Option target="MayaScape"/>
		</Unit>
		<Unit filename="/code/dev/MayaScape/src/Urho3D/Source/Game/MayaScape/Skill_Blink.cpp">
			<Option target="MayaScape"/>
		</Unit>
		<Unit filename="/code/dev/MayaScape/src/Urho3D/Source/Game/MayaScape/Skill_Blink.h">
			<Option target="MayaScape"/>
		</Unit>
		<Unit filename="/code/dev/MayaScape/src/Urho3D/Source/Game/MayaScape/Skill_Flare.cpp">
			<Option target="MayaScape"/>
		</Unit>
		<Unit filename="/code/dev/MayaScape/src/Urho3D/Source/Game/MayaScape/Skill_Flare.h">
			<Option target="MayaScape"/>
		</Unit>
		<Unit filename="/code/dev/MayaScape/src/Urho3D/Source/Game/MayaScape/Skill_Missile.cpp">
			<Option target="MayaScape"/>
		</Unit>
		<Unit filename="/code/dev/MayaScape/src/Urho3D/Source/Game/MayaScape/Skill_Missile.h">
			<Option target="MayaScape"/>
		</Unit>
		<Unit filename="/code/dev/MayaScape/src/Urho3D/Source/Game/MayaScape/SmoothStep.cpp">
			<Option target="MayaScape"/>
		</Unit>
		<Unit filename="/code/dev/MayaScape/src/Urho3D/Source/Game/MayaScape/SmoothStep.h">
			<Option target="MayaScape"/>
		</Unit>
		<Unit filename="/code/dev/MayaScape/src/Urho3D/Source/Game/MayaScape/Toolkit.cpp">
			<Option target="MayaScape"/>
		</Unit>
		<Unit filename="/code/dev/MayaScape/src/Urho3D/Source/Game/MayaScape/Toolkit.h">
			<Option target="MayaScape"/>
		</Unit>
		<Unit filename="/code/dev/MayaScape/src/Urho3D/Source/Game/MayaScape/Vehicle.cpp">
			<Option target="MayaScape"/>
		</Unit>
		<Unit filename="/code/dev/MayaScape/src/Urho3D/Source/Game/MayaScape/Vehicle.h">
			<Option target="MayaScape"/>
		</Unit>
		<Unit filename="/code/dev/MayaScape/src/Urho3D/Source/Game/MayaScape/WheelTrackModel.cpp">
			<Option target="MayaScape"/>
		</Unit>
		<Unit filename="/code/dev/MayaScape/src/Urho3D/Source/Game/MayaScape/WheelTrackModel.h">
			<Option target="MayaScape"/>
		</Unit>
		<Unit filename="/code/dev/MayaScape/src/Urho3D/Source/Game/MayaScape/action.cpp">
			<Option target="MayaScape"/>
		</Unit>
		<Unit filename="/code/dev/MayaScape/src/Urho3D/Source/Game/MayaScape/action.h">
			<Option target="MayaScape"/>
		</Unit>
		<Unit filename="/code/dev/MayaScape/src/Urho3D/Source/Game/MayaScape/actiondef.h">
			<Option target="MayaScape"/>
		</Unit>
		<Unit filename="/code/dev/MayaScape/src/Urho3D/Source/Game/MayaScape/ai/agent.cpp">
			<Option target="MayaScape"/>
		</Unit>
		<Unit filename="/code/dev/MayaScape/src/Urho3D/Source/Game/MayaScape/ai/agent.h">
			<Option target="MayaScape"/>
		</Unit>
		<Unit filename="/code/dev/MayaScape/src/Urho3D/Source/Game/MayaScape/ai/agent_controller.cpp">
			<Option target="MayaScape"/>
		</Unit>
		<Unit filename="/code/dev/MayaScape/src/Urho3D/Source/Game/MayaScape/ai/agent_controller.h">
			<Option target="MayaScape"/>
		</Unit>
		<Unit filename="/code/dev/MayaScape/src/Urho3D/Source/Game/MayaScape/ai/agent_fsm.cpp">
			<Option target="MayaScape"/>
		</Unit>
		<Unit filename="/code/dev/MayaScape/src/Urho3D/Source/Game/MayaScape/ai/agent_fsm.h">
			<Option target="MayaScape"/>
		</Unit>
		<Unit filename="/code/dev/MayaScape/src/Urho3D/Source/Game/MayaScape/ai/agent_movement.cpp">
			<Option target="MayaScape"/>
		</Unit>
		<Unit filename="/code/dev/MayaScape/src/Urho3D/Source/Game/MayaScape/ai/agent_movement.h">
			<Option target="MayaScape"/>
		</Unit>
		<Unit filename="/code/dev/MayaScape/src/Urho3D/Source/Game/MayaScape/ai/evolution_manager.cpp">
			<Option target="MayaScape"/>
		</Unit>
		<Unit filename="/code/dev/MayaScape/src/Urho3D/Source/Game/MayaScape/ai/evolution_manager.h">
			<Option target="MayaScape"/>
		</Unit>
		<Unit filename="/code/dev/MayaScape/src/Urho3D/Source/Game/MayaScape/ai/fsm.cpp">
			<Option target="MayaScape"/>
		</Unit>
		<Unit filename="/code/dev/MayaScape/src/Urho3D/Source/Game/MayaScape/ai/fsm.h">
			<Option target="MayaScape"/>
		</Unit>
		<Unit filename="/code/dev/MayaScape/src/Urho3D/Source/Game/MayaScape/ai/fsm_event_data.cpp">
			<Option target="MayaScape"/>
		</Unit>
		<Unit filename="/code/dev/MayaScape/src/Urho3D/Source/Game/MayaScape/ai/fsm_event_data.h">
			<Option target="MayaScape"/>
		</Unit>
		<Unit filename="/code/dev/MayaScape/src/Urho3D/Source/Game/MayaScape/ai/genetic_algorithm.cpp">
			<Option target="MayaScape"/>
		</Unit>
		<Unit filename="/code/dev/MayaScape/src/Urho3D/Source/Game/MayaScape/ai/genetic_algorithm.h">
			<Option target="MayaScape"/>
		</Unit>
		<Unit filename="/code/dev/MayaScape/src/Urho3D/Source/Game/MayaScape/ai/genotype.cpp">
			<Option target="MayaScape"/>
		</Unit>
		<Unit filename="/code/dev/MayaScape/src/Urho3D/Source/Game/MayaScape/ai/genotype.h">
			<Option target="MayaScape"/>
		</Unit>
		<Unit filename="/code/dev/MayaScape/src/Urho3D/Source/Game/MayaScape/ai/neural_layer.cpp">
			<Option target="MayaScape"/>
		</Unit>
		<Unit filename="/code/dev/MayaScape/src/Urho3D/Source/Game/MayaScape/ai/neural_layer.h">
			<Option target="MayaScape"/>
		</Unit>
		<Unit filename="/code/dev/MayaScape/src/Urho3D/Source/Game/MayaScape/ai/neural_network.cpp">
			<Option target="MayaScape"/>
		</Unit>
		<Unit filename="/code/dev/MayaScape/src/Urho3D/Source/Game/MayaScape/ai/neural_network.h">
			<Option target="MayaScape"/>
		</Unit>
		<Unit filename="/code/dev/MayaScape/src/Urho3D/Source/Game/MayaScape/ai/sensor.cpp">
			<Option target="MayaScape"/>
		</Unit>
		<Unit filename="/code/dev/MayaScape/src/Urho3D/Source/Game/MayaScape/ai/sensor.h">
			<Option target="MayaScape"/>
		</Unit>
		<Unit filename="/code/dev/MayaScape/src/Urho3D/Source/Game/MayaScape/app.cpp">
			<Option target="MayaScape"/>
		</Unit>
		<Unit filename="/code/dev/MayaScape/src/Urho3D/Source/Game/MayaScape/app.h">
			<Option target="MayaScape"/>
		</Unit>
		<Unit filename="/code/dev/MayaScape/src/Urho3D/Source/Game/MayaScape/astar.cpp">
			<Option target="MayaScape"/>
		</Unit>
		<Unit filename="/code/dev/MayaScape/src/Urho3D/Source/Game/MayaScape/astar.h">
			<Option target="MayaScape"/>
		</Unit>
		<Unit filename="/code/dev/MayaScape/src/Urho3D/Source/Game/MayaScape/basedef.h">
			<Option target="MayaScape"/>
		</Unit>
		<Unit filename="/code/dev/MayaScape/src/Urho3D/Source/Game/MayaScape/baseobject.cpp">
			<Option target="MayaScape"/>
		</Unit>
		<Unit filename="/code/dev/MayaScape/src/Urho3D/Source/Game/MayaScape/baseobject.h">
			<Option target="MayaScape"/>
		</Unit>
		<Unit filename="/code/dev/MayaScape/src/Urho3D/Source/Game/MayaScape/block.h">
			<Option target="MayaScape"/>
		</Unit>
		<Unit filename="/code/dev/MayaScape/src/Urho3D/Source/Game/MayaScape/boids.cpp">
			<Option target="MayaScape"/>
		</Unit>
		<Unit filename="/code/dev/MayaScape/src/Urho3D/Source/Game/MayaScape/boids.h">
			<Option target="MayaScape"/>
		</Unit>
		<Unit filename="/code/dev/MayaScape/src/Urho3D/Source/Game/MayaScape/fpath.cpp">
			<Option target="MayaScape"/>
		</Unit>
		<Unit filename="/code/dev/MayaScape/src/Urho3D/Source/Game/MayaScape/fpath.h">
			<Option target="MayaScape"/>
		</Unit>
		<Unit filename="/code/dev/MayaScape/src/Urho3D/Source/Game/MayaScape/geometry.cpp">
			<Option target="MayaScape"/>
		</Unit>
		<Unit filename="/code/dev/MayaScape/src/Urho3D/Source/Game/MayaScape/geometry.h">
			<Option target="MayaScape"/>
		</Unit>
		<Unit filename="/code/dev/MayaScape/src/Urho3D/Source/Game/MayaScape/map.cpp">
			<Option target="MayaScape"/>
		</Unit>
		<Unit filename="/code/dev/MayaScape/src/Urho3D/Source/Game/MayaScape/map.h">
			<Option target="MayaScape"/>
		</Unit>
		<Unit filename="/code/dev/MayaScape/src/Urho3D/Source/Game/MayaScape/mapgrid.cpp">
			<Option target="MayaScape"/>
		</Unit>
		<Unit filename="/code/dev/MayaScape/src/Urho3D/Source/Game/MayaScape/mapgrid.h">
			<Option target="MayaScape"/>
		</Unit>
		<Unit filename="/code/dev/MayaScape/src/Urho3D/Source/Game/MayaScape/move.cpp">
			<Option target="MayaScape"/>
		</Unit>
		<Unit filename="/code/dev/MayaScape/src/Urho3D/Source/Game/MayaScape/move.h">
			<Option target="MayaScape"/>
		</Unit>
		<Unit filename="/code/dev/MayaScape/src/Urho3D/Source/Game/MayaScape/movedef.h">
			<Option target="MayaScape"/>
		</Unit>
		<Unit filename="/code/dev/MayaScape/src/Urho3D/Source/Game/MayaScape/network/CSP_Client.cpp">
			<Option target="MayaScape"/>
		</Unit>
		<Unit filename="/code/dev/MayaScape/src/Urho3D/Source/Game/MayaScape/network/CSP_Client.h">
			<Option target="MayaScape"/>
		</Unit>
		<Unit filename="/code/dev/MayaScape/src/Urho3D/Source/Game/MayaScape/network/CSP_Server.cpp">
			<Option target="MayaScape"/>
		</Unit>
		<Unit filename="/code/dev/MayaScape/src/Urho3D/Source/Game/MayaScape/network/CSP_Server.h">
			<Option target="MayaScape"/>
		</Unit>
		<Unit filename="/code/dev/MayaScape/src/Urho3D/Source/Game/MayaScape/network/CSP_messages.h">
			<Option target="MayaScape"/>
		</Unit>
		<Unit filename="/code/dev/MayaScape/src/Urho3D/Source/Game/MayaScape/network/ClientObj.cpp">
			<Option target="MayaScape"/>
		</Unit>
		<Unit filename="/code/dev/MayaScape/src/Urho3D/Source/Game/MayaScape/network/ClientObj.h">
			<Option target="MayaScape"/>
		</Unit>
		<Unit filename="/code/dev/MayaScape/src/Urho3D/Source/Game/MayaScape/network/NetworkActor.cpp">
			<Option target="MayaScape"/>
		</Unit>
		<Unit filename="/code/dev/MayaScape/src/Urho3D/Source/Game/MayaScape/network/NetworkActor.h">
			<Option target="MayaScape"/>
		</Unit>
		<Unit filename="/code/dev/MayaScape/src/Urho3D/Source/Game/MayaScape/network/Server.cpp">
			<Option target="MayaScape"/>
		</Unit>
		<Unit filename="/code/dev/MayaScape/src/Urho3D/Source/Game/MayaScape/network/Server.h">
			<Option target="MayaScape"/>
		</Unit>
		<Unit filename="/code/dev/MayaScape/src/Urho3D/Source/Game/MayaScape/network/StateSnapshot.h">
			<Option target="MayaScape"/>
		</Unit>
		<Unit filename="/code/dev/MayaScape/src/Urho3D/Source/Game/MayaScape/objectdef.h">
			<Option target="MayaScape"/>
		</Unit>
		<Unit filename="/code/dev/MayaScape/src/Urho3D/Source/Game/MayaScape/objects.cpp">
			<Option target="MayaScape"/>
		</Unit>
		<Unit filename="/code/dev/MayaScape/src/Urho3D/Source/Game/MayaScape/objects.h">
			<Option target="MayaScape"/>
		</Unit>
		<Unit filename="/code/dev/MayaScape/src/Urho3D/Source/Game/MayaScape/objmem.cpp">
			<Option target="MayaScape"/>
		</Unit>
		<Unit filename="/code/dev/MayaScape/src/Urho3D/Source/Game/MayaScape/objmem.h">
			<Option target="MayaScape"/>
		</Unit>
		<Unit filename="/code/dev/MayaScape/src/Urho3D/Source/Game/MayaScape/pointtree.cpp">
			<Option target="MayaScape"/>
		</Unit>
		<Unit filename="/code/dev/MayaScape/src/Urho3D/Source/Game/MayaScape/pointtree.h">
			<Option target="MayaScape"/>
		</Unit>
		<Unit filename="/code/dev/MayaScape/src/Urho3D/Source/Game/MayaScape/positiondef.h">
			<Option target="MayaScape"/>
		</Unit>
		<Unit filename="/code/dev/MayaScape/src/Urho3D/Source/Game/MayaScape/shared_libs.h">
			<Option target="MayaScape"/>
		</Unit>
		<Unit filename="/code/dev/MayaScape/src/Urho3D/Source/Game/MayaScape/stringdef.h">
			<Option target="MayaScape"/>
		</Unit>
		<Unit filename="/code/dev/MayaScape/src/Urho3D/Source/Game/MayaScape/terrain/CrowdNavigation.cpp">
			<Option target="39_CrowdNavigation"/>
		</Unit>
		<Unit filename="/code/dev/MayaScape/src/Urho3D/Source/Game/MayaScape/terrain/CrowdNavigation.h">
			<Option target="39_CrowdNavigation"/>
		</Unit>
		<Unit filename="/code/dev/MayaScape/src/Urho3D/Source/Game/MayaScape/types.h">
			<Option target="MayaScape"/>
		</Unit>
		<Unit filename="/code/dev/MayaScape/src/Urho3D/Source/Game/MayaScape/util/event.cpp">
			<Option target="MayaScape"/>
		</Unit>
		<Unit filename="/code/dev/MayaScape/src/Urho3D/Source/Game/MayaScape/util/event.h">
			<Option target="MayaScape"/>
		</Unit>
		<Unit filename="/code/dev/MayaScape/src/Urho3D/Source/Game/MayaScape/util/math_helper.cpp">
			<Option target="MayaScape"/>
		</Unit>
		<Unit filename="/code/dev/MayaScape/src/Urho3D/Source/Game/MayaScape/util/math_helper.h">
			<Option target="MayaScape"/>
		</Unit>
		<Unit filename="/code/dev/MayaScape/src/Urho3D/Source/Game/MayaScape/util/random_d.h">
			<Option target="MayaScape"/>
		</Unit>
		<Unit filename="/code/dev/MayaScape/src/Urho3D/Source/Game/MayaScape/util/semaphore.h">
			<Option target="MayaScape"/>
		</Unit>
		<Unit filename="/code/dev/MayaScape/src/Urho3D/Source/Game/Utilities2D/Mover.cpp">
			<Option target="MayaScape"/>
		</Unit>
		<Unit filename="/code/dev/MayaScape/src/Urho3D/Source/Game/Utilities2D/Mover.h">
			<Option target="MayaScape"/>
		</Unit>
		<Unit filename="/code/dev/MayaScape/src/Urho3D/bin/CoreData">
			<Option target="MayaScape"/>
			<Option target="39_CrowdNavigation"/>
		</Unit>
		<Unit filename="/code/dev/MayaScape/src/Urho3D/bin/Data">
			<Option target="MayaScape"/>
			<Option target="39_CrowdNavigation"/>
		</Unit>
		<Unit filename="/code/dev/MayaScape/src/Urho3D/CMakeLists.txt">
			<Option virtualFolder="CMake Files\"/>
		</Unit>
		<Unit filename="/code/dev/MayaScape/src/Urho3D/Source/CMakeLists.txt">
			<Option virtualFolder="CMake Files\Source\"/>
		</Unit>
		<Unit filename="/code/dev/MayaScape/src/Urho3D/Source/ThirdParty/Assimp/CMakeLists.txt">
			<Option virtualFolder="CMake Files\Source\ThirdParty\Assimp\"/>
		</Unit>
		<Unit filename="/code/dev/MayaScape/src/Urho3D/Source/ThirdParty/Assimp/revision.h.in">
			<Option virtualFolder="CMake Files\Source\ThirdParty\Assimp\"/>
		</Unit>
		<Unit filename="/code/dev/MayaScape/src/Urho3D/Source/ThirdParty/Assimp/include/assimp/config.h.in">
			<Option virtualFolder="CMake Files\Source\ThirdParty\Assimp\include\assimp\"/>
		</Unit>
		<Unit filename="/code/dev/MayaScape/src/Urho3D/Source/ThirdParty/Assimp/contrib/zlib/zconf.h.cmakein">
			<Option virtualFolder="CMake Files\Source\ThirdParty\Assimp\contrib\zlib\"/>
		</Unit>
		<Unit filename="/code/dev/MayaScape/src/Urho3D/Source/ThirdParty/Assimp/code/CMakeLists.txt">
			<Option virtualFolder="CMake Files\Source\ThirdParty\Assimp\code\"/>
		</Unit>
		<Unit filename="/code/dev/MayaScape/src/Urho3D/Source/ThirdParty/Assimp/cmake-modules/FindRT.cmake">
			<Option virtualFolder="CMake Files\Source\ThirdParty\Assimp\cmake-modules\"/>
		</Unit>
		<Unit filename="/code/dev/MayaScape/src/Urho3D/Source/ThirdParty/FreeType/CMakeLists.txt">
			<Option virtualFolder="CMake Files\Source\ThirdParty\FreeType\"/>
		</Unit>
		<Unit filename="/code/dev/MayaScape/src/Urho3D/Source/ThirdParty/LZ4/CMakeLists.txt">
			<Option virtualFolder="CMake Files\Source\ThirdParty\LZ4\"/>
		</Unit>
		<Unit filename="/code/dev/MayaScape/src/Urho3D/Source/ThirdParty/PugiXml/CMakeLists.txt">
			<Option virtualFolder="CMake Files\Source\ThirdParty\PugiXml\"/>
		</Unit>
		<Unit filename="/code/dev/MayaScape/src/Urho3D/Source/ThirdParty/rapidjson/CMakeLists.txt">
			<Option virtualFolder="CMake Files\Source\ThirdParty\rapidjson\"/>
		</Unit>
		<Unit filename="/code/dev/MayaScape/src/Urho3D/Source/ThirdParty/SDL/CMakeLists.txt">
			<Option virtualFolder="CMake Files\Source\ThirdParty\SDL\"/>
		</Unit>
		<Unit filename="/code/dev/MayaScape/src/Urho3D/Source/ThirdParty/SDL/cmake/macros.cmake">
			<Option virtualFolder="CMake Files\Source\ThirdParty\SDL\cmake\"/>
		</Unit>
		<Unit filename="/code/dev/MayaScape/src/Urho3D/Source/ThirdParty/SDL/cmake/sdlchecks.cmake">
			<Option virtualFolder="CMake Files\Source\ThirdParty\SDL\cmake\"/>
		</Unit>
		<Unit filename="/code/dev/MayaScape/src/Urho3D/Source/ThirdParty/SDL/include/SDL_config.h.cmake">
			<Option virtualFolder="CMake Files\Source\ThirdParty\SDL\include\"/>
		</Unit>
		<Unit filename="/code/dev/MayaScape/src/Urho3D/Source/ThirdParty/StanHull/CMakeLists.txt">
			<Option virtualFolder="CMake Files\Source\ThirdParty\StanHull\"/>
		</Unit>
		<Unit filename="/code/dev/MayaScape/src/Urho3D/Source/ThirdParty/STB/CMakeLists.txt">
			<Option virtualFolder="CMake Files\Source\ThirdParty\STB\"/>
		</Unit>
		<Unit filename="/code/dev/MayaScape/src/Urho3D/Source/ThirdParty/AngelScript/CMakeLists.txt">
			<Option virtualFolder="CMake Files\Source\ThirdParty\AngelScript\"/>
		</Unit>
		<Unit filename="/code/dev/MayaScape/src/Urho3D/Source/ThirdParty/Lua/CMakeLists.txt">
			<Option virtualFolder="CMake Files\Source\ThirdParty\Lua\"/>
		</Unit>
		<Unit filename="/code/dev/MayaScape/src/Urho3D/Source/ThirdParty/toluapp/src/lib/CMakeLists.txt">
			<Option virtualFolder="CMake Files\Source\ThirdParty\toluapp\src\lib\"/>
		</Unit>
		<Unit filename="/code/dev/MayaScape/src/Urho3D/Source/ThirdParty/toluapp/src/bin/CMakeLists.txt">
			<Option virtualFolder="CMake Files\Source\ThirdParty\toluapp\src\bin\"/>
		</Unit>
		<Unit filename="/code/dev/MayaScape/src/Urho3D/Source/ThirdParty/Civetweb/CMakeLists.txt">
			<Option virtualFolder="CMake Files\Source\ThirdParty\Civetweb\"/>
		</Unit>
		<Unit filename="/code/dev/MayaScape/src/Urho3D/Source/ThirdParty/kNet/CMakeLists.txt">
			<Option virtualFolder="CMake Files\Source\ThirdParty\kNet\"/>
		</Unit>
		<Unit filename="/code/dev/MayaScape/src/Urho3D/Source/ThirdParty/ik/CMakeLists.txt">
			<Option virtualFolder="CMake Files\Source\ThirdParty\ik\"/>
		</Unit>
		<Unit filename="/code/dev/MayaScape/src/Urho3D/Source/ThirdParty/ik/include/ik/config.h.in">
			<Option virtualFolder="CMake Files\Source\ThirdParty\ik\include\ik\"/>
		</Unit>
		<Unit filename="/code/dev/MayaScape/src/Urho3D/Source/ThirdParty/ik/include/ik/export.h.in">
			<Option virtualFolder="CMake Files\Source\ThirdParty\ik\include\ik\"/>
		</Unit>
		<Unit filename="/code/dev/MayaScape/src/Urho3D/Source/ThirdParty/Detour/CMakeLists.txt">
			<Option virtualFolder="CMake Files\Source\ThirdParty\Detour\"/>
		</Unit>
		<Unit filename="/code/dev/MayaScape/src/Urho3D/Source/ThirdParty/DetourCrowd/CMakeLists.txt">
			<Option virtualFolder="CMake Files\Source\ThirdParty\DetourCrowd\"/>
		</Unit>
		<Unit filename="/code/dev/MayaScape/src/Urho3D/Source/ThirdParty/DetourTileCache/CMakeLists.txt">
			<Option virtualFolder="CMake Files\Source\ThirdParty\DetourTileCache\"/>
		</Unit>
		<Unit filename="/code/dev/MayaScape/src/Urho3D/Source/ThirdParty/Recast/CMakeLists.txt">
			<Option virtualFolder="CMake Files\Source\ThirdParty\Recast\"/>
		</Unit>
		<Unit filename="/code/dev/MayaScape/src/Urho3D/Source/ThirdParty/Box2D/CMakeLists.txt">
			<Option virtualFolder="CMake Files\Source\ThirdParty\Box2D\"/>
		</Unit>
		<Unit filename="/code/dev/MayaScape/src/Urho3D/Source/ThirdParty/WebP/CMakeLists.txt">
			<Option virtualFolder="CMake Files\Source\ThirdParty\WebP\"/>
		</Unit>
		<Unit filename="/code/dev/MayaScape/src/Urho3D/Source/ThirdParty/Bullet/CMakeLists.txt">
			<Option virtualFolder="CMake Files\Source\ThirdParty\Bullet\"/>
		</Unit>
		<Unit filename="/code/dev/MayaScape/src/Urho3D/Source/ThirdParty/GLEW/CMakeLists.txt">
			<Option virtualFolder="CMake Files\Source\ThirdParty\GLEW\"/>
		</Unit>
		<Unit filename="/code/dev/MayaScape/src/Urho3D/Source/Urho3D/CMakeLists.txt">
			<Option virtualFolder="CMake Files\Source\Urho3D\"/>
		</Unit>
		<Unit filename="/code/dev/MayaScape/src/Urho3D/Source/Urho3D/Urho3D.pc.in">
			<Option virtualFolder="CMake Files\Source\Urho3D\"/>
		</Unit>
		<Unit filename="/code/dev/MayaScape/src/Urho3D/Source/Urho3D/Urho3DAll.h.in">
			<Option virtualFolder="CMake Files\Source\Urho3D\"/>
		</Unit>
		<Unit filename="/code/dev/MayaScape/src/Urho3D/Source/Tools/CMakeLists.txt">
			<Option virtualFolder="CMake Files\Source\Tools\"/>
		</Unit>
		<Unit filename="/code/dev/MayaScape/src/Urho3D/Source/Tools/Urho3DPlayer/CMakeLists.txt">
			<Option virtualFolder="CMake Files\Source\Tools\Urho3DPlayer\"/>
		</Unit>
		<Unit filename="/code/dev/MayaScape/src/Urho3D/Source/Tools/AssetImporter/CMakeLists.txt">
			<Option virtualFolder="CMake Files\Source\Tools\AssetImporter\"/>
		</Unit>
		<Unit filename="/code/dev/MayaScape/src/Urho3D/Source/Tools/OgreImporter/CMakeLists.txt">
			<Option virtualFolder="CMake Files\Source\Tools\OgreImporter\"/>
		</Unit>
		<Unit filename="/code/dev/MayaScape/src/Urho3D/Source/Tools/PackageTool/CMakeLists.txt">
			<Option virtualFolder="CMake Files\Source\Tools\PackageTool\"/>
		</Unit>
		<Unit filename="/code/dev/MayaScape/src/Urho3D/Source/Tools/RampGenerator/CMakeLists.txt">
			<Option virtualFolder="CMake Files\Source\Tools\RampGenerator\"/>
		</Unit>
		<Unit filename="/code/dev/MayaScape/src/Urho3D/Source/Tools/SpritePacker/CMakeLists.txt">
			<Option virtualFolder="CMake Files\Source\Tools\SpritePacker\"/>
		</Unit>
		<Unit filename="/code/dev/MayaScape/src/Urho3D/Source/Tools/ScriptCompiler/CMakeLists.txt">
			<Option virtualFolder="CMake Files\Source\Tools\ScriptCompiler\"/>
		</Unit>
		<Unit filename="/code/dev/MayaScape/src/Urho3D/Source/Game/CMakeLists.txt">
			<Option virtualFolder="CMake Files\Source\Game\"/>
		</Unit>
		<Unit filename="/code/dev/MayaScape/src/Urho3D/Source/Game/MayaScape/CMakeLists.txt">
			<Option virtualFolder="CMake Files\Source\Game\MayaScape\"/>
		</Unit>
		<Unit filename="/code/dev/MayaScape/src/Urho3D/Source/Game/MayaScape/terrain/CMakeLists.txt">
			<Option virtualFolder="CMake Files\Source\Game\MayaScape\terrain\"/>
		</Unit>
		<Unit filename="/code/dev/MayaScape/src/Urho3D/CMake/Modules/CheckCompilerToolchain.cmake">
			<Option virtualFolder="CMake Files\CMake\Modules\"/>
		</Unit>
		<Unit filename="/code/dev/MayaScape/src/Urho3D/CMake/Modules/CheckHost.cmake">
			<Option virtualFolder="CMake Files\CMake\Modules\"/>
		</Unit>
		<Unit filename="/code/dev/MayaScape/src/Urho3D/CMake/Modules/FindDirectRenderingManager.cmake">
			<Option virtualFolder="CMake Files\CMake\Modules\"/>
		</Unit>
		<Unit filename="/code/dev/MayaScape/src/Urho3D/CMake/Modules/FindEsound.cmake">
			<Option virtualFolder="CMake Files\CMake\Modules\"/>
		</Unit>
		<Unit filename="/code/dev/MayaScape/src/Urho3D/CMake/Modules/FindFusionSound.cmake">
			<Option virtualFolder="CMake Files\CMake\Modules\"/>
		</Unit>
		<Unit filename="/code/dev/MayaScape/src/Urho3D/CMake/Modules/FindGenericBufferManagement.cmake">
			<Option virtualFolder="CMake Files\CMake\Modules\"/>
		</Unit>
		<Unit filename="/code/dev/MayaScape/src/Urho3D/CMake/Modules/FindJack.cmake">
			<Option virtualFolder="CMake Files\CMake\Modules\"/>
		</Unit>
		<Unit filename="/code/dev/MayaScape/src/Urho3D/CMake/Modules/FindNetworkAudioSystem.cmake">
			<Option virtualFolder="CMake Files\CMake\Modules\"/>
		</Unit>
		<Unit filename="/code/dev/MayaScape/src/Urho3D/CMake/Modules/FindOSS.cmake">
			<Option virtualFolder="CMake Files\CMake\Modules\"/>
		</Unit>
		<Unit filename="/code/dev/MayaScape/src/Urho3D/CMake/Modules/FindPulseAudio.cmake">
			<Option virtualFolder="CMake Files\CMake\Modules\"/>
		</Unit>
		<Unit filename="/code/dev/MayaScape/src/Urho3D/CMake/Modules/FindReadline.cmake">
			<Option virtualFolder="CMake Files\CMake\Modules\"/>
		</Unit>
		<Unit filename="/code/dev/MayaScape/src/Urho3D/CMake/Modules/FindRoarAudio.cmake">
			<Option virtualFolder="CMake Files\CMake\Modules\"/>
		</Unit>
		<Unit filename="/code/dev/MayaScape/src/Urho3D/CMake/Modules/FindSecretRabbitCode.cmake">
			<Option virtualFolder="CMake Files\CMake\Modules\"/>
		</Unit>
		<Unit filename="/code/dev/MayaScape/src/Urho3D/CMake/Modules/FindUrho3D.cmake">
			<Option virtualFolder="CMake Files\CMake\Modules\"/>
		</Unit>
		<Unit filename="/code/dev/MayaScape/src/Urho3D/CMake/Modules/FindaRts.cmake">
			<Option virtualFolder="CMake Files\CMake\Modules\"/>
		</Unit>
		<Unit filename="/code/dev/MayaScape/src/Urho3D/CMake/Modules/GenerateExportHeader.cmake">
			<Option virtualFolder="CMake Files\CMake\Modules\"/>
		</Unit>
		<Unit filename="/code/dev/MayaScape/src/Urho3D/CMake/Modules/UrhoCommon.cmake">
			<Option virtualFolder="CMake Files\CMake\Modules\"/>
		</Unit>
		<Unit filename="/code/dev/MayaScape/src/Urho3D/CMake/Modules/exportheader.cmake.in">
			<Option virtualFolder="CMake Files\CMake\Modules\"/>
		</Unit>
		<Unit filename="/code/dev/MayaScape/src/Urho3D/Docs/CMakeLists.txt">
			<Option virtualFolder="CMake Files\Docs\"/>
		</Unit>
		<Unit filename="/code/dev/MayaScape/src/Urho3D/Docs/Doxyfile.in">
			<Option virtualFolder="CMake Files\Docs\"/>
		</Unit>
	</Project>
</CodeBlocks_project_file>
